
Microsoft Visual Studio Solution File, Format Version 12.00
# Visual Studio 15
VisualStudioVersion = 15.0.27703.2035
MinimumVisualStudioVersion = 10.0.40219.1
Project("{FAE04EC0-301F-11D3-BF4B-00C04F79EFBC}") = "QLCafe", "QLCafe\QLCafe.csproj", "{0ECB5277-D222-4840-8CDD-0EFB0A266515}"
EndProject
Project("{840C416C-B8F3-42BC-B0DD-F6BB14C9F8CB}") = "The Coffee Shop Managenment", "..\The Coffee Shop Managenment\The Coffee Shop Managenment.aiproj", "{847DA3BC-E85A-4593-805F-C1DAD0CFDCCC}"
EndProject
Global
	GlobalSection(SolutionConfigurationPlatforms) = preSolution
		All|Any CPU = All|Any CPU
		Debug|Any CPU = Debug|Any CPU
		Release|Any CPU = Release|Any CPU
	EndGlobalSection
	GlobalSection(ProjectConfigurationPlatforms) = postSolution
		{0ECB5277-D222-4840-8CDD-0EFB0A266515}.All|Any CPU.ActiveCfg = Release|Any CPU
		{0ECB5277-D222-4840-8CDD-0EFB0A266515}.All|Any CPU.Build.0 = Release|Any CPU
		{0ECB5277-D222-4840-8CDD-0EFB0A266515}.Debug|Any CPU.ActiveCfg = Debug|Any CPU
		{0ECB5277-D222-4840-8CDD-0EFB0A266515}.Debug|Any CPU.Build.0 = Debug|Any CPU
		{0ECB5277-D222-4840-8CDD-0EFB0A266515}.Release|Any CPU.ActiveCfg = Release|Any CPU
		{0ECB5277-D222-4840-8CDD-0EFB0A266515}.Release|Any CPU.Build.0 = Release|Any CPU
		{847DA3BC-E85A-4593-805F-C1DAD0CFDCCC}.All|Any CPU.ActiveCfg = DefaultBuild
		{847DA3BC-E85A-4593-805F-C1DAD0CFDCCC}.All|Any CPU.Build.0 = DefaultBuild
		{847DA3BC-E85A-4593-805F-C1DAD0CFDCCC}.Debug|Any CPU.ActiveCfg = DefaultBuild
		{847DA3BC-E85A-4593-805F-C1DAD0CFDCCC}.Debug|Any CPU.Build.0 = DefaultBuild
		{847DA3BC-E85A-4593-805F-C1DAD0CFDCCC}.Release|Any CPU.ActiveCfg = DefaultBuild
		{847DA3BC-E85A-4593-805F-C1DAD0CFDCCC}.Release|Any CPU.Build.0 = DefaultBuild
	EndGlobalSection
	GlobalSection(SolutionProperties) = preSolution
		HideSolutionNode = FALSE
	EndGlobalSection
	GlobalSection(ExtensibilityGlobals) = postSolution
		SolutionGuid = {9F824159-401C-4F97-811B-DD381A53595D}
	EndGlobalSection
EndGlobal
